
Microsoft Visual Studio Solution File, Format Version 12.00
# Visual Studio 2013
VisualStudioVersion = 12.0.30501.0
MinimumVisualStudioVersion = 10.0.40219.1
Project("{2150E333-8FDC-42A3-9474-1A3956D46DE8}") = "Common", "Common", "{C8A7CB2C-F805-42F4-BFF8-E6374C1176B3}"
	ProjectSection(SolutionItems) = preProject
		ProductInfo.cs = ProductInfo.cs
	EndProjectSection
EndProject
Project("{FAE04EC0-301F-11D3-BF4B-00C04F79EFBC}") = "Scripl", "Scripl\Scripl.csproj", "{BE07BC9B-CA2F-4A81-BCE9-F30F48085F86}"
EndProject
Project("{FAE04EC0-301F-11D3-BF4B-00C04F79EFBC}") = "Scripl.Tests", "Scripl.Tests\Scripl.Tests.csproj", "{AAE394AA-F48F-49CF-A657-FABE3DEC9CD1}"
EndProject
Project("{FAE04EC0-301F-11D3-BF4B-00C04F79EFBC}") = "Scriplw", "Scriplw\Scriplw.csproj", "{2F6C8970-65F1-42F1-9B5B-DCA7D678DD1A}"
EndProject
Project("{FAE04EC0-301F-11D3-BF4B-00C04F79EFBC}") = "Scripl.Core", "Scripl.Core\Scripl.Core.csproj", "{3DF84FEE-CD0B-498B-A08C-9031E95BF98E}"
EndProject
Project("{FAE04EC0-301F-11D3-BF4B-00C04F79EFBC}") = "Scripl.RavenDb", "Scripl.RavenDb\Scripl.RavenDb.csproj", "{6E6B1EA6-00DD-43E4-8906-6D075545F4F3}"
EndProject
Project("{2150E333-8FDC-42A3-9474-1A3956D46DE8}") = "Adapters", "Adapters", "{9DEEEFFD-6142-4AFA-A5B1-099735BFD022}"
EndProject
Project("{FAE04EC0-301F-11D3-BF4B-00C04F79EFBC}") = "Scripl.Ports", "Scripl.Ports\Scripl.Ports.csproj", "{CB746E9C-5AE1-4F24-BB46-EB12060A881D}"
EndProject
Project("{FAE04EC0-301F-11D3-BF4B-00C04F79EFBC}") = "Scripl.Utils", "Scripl.Utils\Scripl.Utils.csproj", "{040B886A-0CE6-46E2-9396-6ADF5ABEEE65}"
EndProject
Global
	GlobalSection(SolutionConfigurationPlatforms) = preSolution
		Debug|Any CPU = Debug|Any CPU
		Release|Any CPU = Release|Any CPU
	EndGlobalSection
	GlobalSection(ProjectConfigurationPlatforms) = postSolution
		{BE07BC9B-CA2F-4A81-BCE9-F30F48085F86}.Debug|Any CPU.ActiveCfg = Debug|Any CPU
		{BE07BC9B-CA2F-4A81-BCE9-F30F48085F86}.Debug|Any CPU.Build.0 = Debug|Any CPU
		{BE07BC9B-CA2F-4A81-BCE9-F30F48085F86}.Release|Any CPU.ActiveCfg = Release|Any CPU
		{BE07BC9B-CA2F-4A81-BCE9-F30F48085F86}.Release|Any CPU.Build.0 = Release|Any CPU
		{AAE394AA-F48F-49CF-A657-FABE3DEC9CD1}.Debug|Any CPU.ActiveCfg = Debug|Any CPU
		{AAE394AA-F48F-49CF-A657-FABE3DEC9CD1}.Debug|Any CPU.Build.0 = Debug|Any CPU
		{AAE394AA-F48F-49CF-A657-FABE3DEC9CD1}.Release|Any CPU.ActiveCfg = Release|Any CPU
		{AAE394AA-F48F-49CF-A657-FABE3DEC9CD1}.Release|Any CPU.Build.0 = Release|Any CPU
		{2F6C8970-65F1-42F1-9B5B-DCA7D678DD1A}.Debug|Any CPU.ActiveCfg = Debug|Any CPU
		{2F6C8970-65F1-42F1-9B5B-DCA7D678DD1A}.Debug|Any CPU.Build.0 = Debug|Any CPU
		{2F6C8970-65F1-42F1-9B5B-DCA7D678DD1A}.Release|Any CPU.ActiveCfg = Release|Any CPU
		{2F6C8970-65F1-42F1-9B5B-DCA7D678DD1A}.Release|Any CPU.Build.0 = Release|Any CPU
		{3DF84FEE-CD0B-498B-A08C-9031E95BF98E}.Debug|Any CPU.ActiveCfg = Debug|Any CPU
		{3DF84FEE-CD0B-498B-A08C-9031E95BF98E}.Debug|Any CPU.Build.0 = Debug|Any CPU
		{3DF84FEE-CD0B-498B-A08C-9031E95BF98E}.Release|Any CPU.ActiveCfg = Release|Any CPU
		{3DF84FEE-CD0B-498B-A08C-9031E95BF98E}.Release|Any CPU.Build.0 = Release|Any CPU
		{6E6B1EA6-00DD-43E4-8906-6D075545F4F3}.Debug|Any CPU.ActiveCfg = Debug|Any CPU
		{6E6B1EA6-00DD-43E4-8906-6D075545F4F3}.Debug|Any CPU.Build.0 = Debug|Any CPU
		{6E6B1EA6-00DD-43E4-8906-6D075545F4F3}.Release|Any CPU.ActiveCfg = Release|Any CPU
		{6E6B1EA6-00DD-43E4-8906-6D075545F4F3}.Release|Any CPU.Build.0 = Release|Any CPU
		{CB746E9C-5AE1-4F24-BB46-EB12060A881D}.Debug|Any CPU.ActiveCfg = Debug|Any CPU
		{CB746E9C-5AE1-4F24-BB46-EB12060A881D}.Debug|Any CPU.Build.0 = Debug|Any CPU
		{CB746E9C-5AE1-4F24-BB46-EB12060A881D}.Release|Any CPU.ActiveCfg = Release|Any CPU
		{CB746E9C-5AE1-4F24-BB46-EB12060A881D}.Release|Any CPU.Build.0 = Release|Any CPU
		{040B886A-0CE6-46E2-9396-6ADF5ABEEE65}.Debug|Any CPU.ActiveCfg = Debug|Any CPU
		{040B886A-0CE6-46E2-9396-6ADF5ABEEE65}.Debug|Any CPU.Build.0 = Debug|Any CPU
		{040B886A-0CE6-46E2-9396-6ADF5ABEEE65}.Release|Any CPU.ActiveCfg = Release|Any CPU
		{040B886A-0CE6-46E2-9396-6ADF5ABEEE65}.Release|Any CPU.Build.0 = Release|Any CPU
	EndGlobalSection
	GlobalSection(SolutionProperties) = preSolution
		HideSolutionNode = FALSE
	EndGlobalSection
	GlobalSection(NestedProjects) = preSolution
		{BE07BC9B-CA2F-4A81-BCE9-F30F48085F86} = {9DEEEFFD-6142-4AFA-A5B1-099735BFD022}
		{AAE394AA-F48F-49CF-A657-FABE3DEC9CD1} = {C8A7CB2C-F805-42F4-BFF8-E6374C1176B3}
		{2F6C8970-65F1-42F1-9B5B-DCA7D678DD1A} = {9DEEEFFD-6142-4AFA-A5B1-099735BFD022}
		{6E6B1EA6-00DD-43E4-8906-6D075545F4F3} = {9DEEEFFD-6142-4AFA-A5B1-099735BFD022}
		{040B886A-0CE6-46E2-9396-6ADF5ABEEE65} = {C8A7CB2C-F805-42F4-BFF8-E6374C1176B3}
	EndGlobalSection
EndGlobal
