
Microsoft Visual Studio Solution File, Format Version 12.00
# Visual Studio 2012
Project("{FAE04EC0-301F-11D3-BF4B-00C04F79EFBC}") = "Scripl.Setup", "Scripl.Setup\Scripl.Setup.csproj", "{F7F6C2BF-0BA3-425D-A4BD-CF279EC2687C}"
EndProject
Project("{2150E333-8FDC-42A3-9474-1A3956D46DE8}") = "Common", "Common", "{C8A7CB2C-F805-42F4-BFF8-E6374C1176B3}"
	ProjectSection(SolutionItems) = preProject
		ProductInfo.cs = ProductInfo.cs
	EndProjectSection
EndProject
Project("{FAE04EC0-301F-11D3-BF4B-00C04F79EFBC}") = "Scripl", "Scripl\Scripl.csproj", "{BE07BC9B-CA2F-4A81-BCE9-F30F48085F86}"
EndProject
Project("{FAE04EC0-301F-11D3-BF4B-00C04F79EFBC}") = "Scripl.Tests", "Scripl.Tests\Scripl.Tests.csproj", "{AAE394AA-F48F-49CF-A657-FABE3DEC9CD1}"
EndProject
Global
	GlobalSection(SolutionConfigurationPlatforms) = preSolution
		Debug|Any CPU = Debug|Any CPU
		Release|Any CPU = Release|Any CPU
	EndGlobalSection
	GlobalSection(ProjectConfigurationPlatforms) = postSolution
		{F7F6C2BF-0BA3-425D-A4BD-CF279EC2687C}.Debug|Any CPU.ActiveCfg = Debug|Any CPU
		{F7F6C2BF-0BA3-425D-A4BD-CF279EC2687C}.Debug|Any CPU.Build.0 = Debug|Any CPU
		{F7F6C2BF-0BA3-425D-A4BD-CF279EC2687C}.Release|Any CPU.ActiveCfg = Release|Any CPU
		{F7F6C2BF-0BA3-425D-A4BD-CF279EC2687C}.Release|Any CPU.Build.0 = Release|Any CPU
		{BE07BC9B-CA2F-4A81-BCE9-F30F48085F86}.Debug|Any CPU.ActiveCfg = Debug|Any CPU
		{BE07BC9B-CA2F-4A81-BCE9-F30F48085F86}.Debug|Any CPU.Build.0 = Debug|Any CPU
		{BE07BC9B-CA2F-4A81-BCE9-F30F48085F86}.Release|Any CPU.ActiveCfg = Release|Any CPU
		{BE07BC9B-CA2F-4A81-BCE9-F30F48085F86}.Release|Any CPU.Build.0 = Release|Any CPU
		{AAE394AA-F48F-49CF-A657-FABE3DEC9CD1}.Debug|Any CPU.ActiveCfg = Debug|Any CPU
		{AAE394AA-F48F-49CF-A657-FABE3DEC9CD1}.Debug|Any CPU.Build.0 = Debug|Any CPU
		{AAE394AA-F48F-49CF-A657-FABE3DEC9CD1}.Release|Any CPU.ActiveCfg = Release|Any CPU
		{AAE394AA-F48F-49CF-A657-FABE3DEC9CD1}.Release|Any CPU.Build.0 = Release|Any CPU
	EndGlobalSection
	GlobalSection(SolutionProperties) = preSolution
		HideSolutionNode = FALSE
	EndGlobalSection
EndGlobal
